
Microsoft Visual Studio Solution File, Format Version 12.00
# Visual Studio Version 16
VisualStudioVersion = 16.0.32413.511
MinimumVisualStudioVersion = 10.0.40219.1
Project("{FAE04EC0-301F-11D3-BF4B-00C04F79EFBC}") = "antisapolios2", "antisapolios2\antisapolios2.csproj", "{54CC1683-BA1E-4C91-939D-C436527714A7}"
EndProject
Global
	GlobalSection(SolutionConfigurationPlatforms) = preSolution
		Debug|Any CPU = Debug|Any CPU
		Release|Any CPU = Release|Any CPU
	EndGlobalSection
	GlobalSection(ProjectConfigurationPlatforms) = postSolution
		{54CC1683-BA1E-4C91-939D-C436527714A7}.Debug|Any CPU.ActiveCfg = Debug|Any CPU
		{54CC1683-BA1E-4C91-939D-C436527714A7}.Debug|Any CPU.Build.0 = Debug|Any CPU
		{54CC1683-BA1E-4C91-939D-C436527714A7}.Release|Any CPU.ActiveCfg = Release|Any CPU
		{54CC1683-BA1E-4C91-939D-C436527714A7}.Release|Any CPU.Build.0 = Release|Any CPU
	EndGlobalSection
	GlobalSection(SolutionProperties) = preSolution
		HideSolutionNode = FALSE
	EndGlobalSection
	GlobalSection(ExtensibilityGlobals) = postSolution
		SolutionGuid = {BBB39BF1-C8B9-4747-8678-79FB83B290E8}
	EndGlobalSection
EndGlobal
